
Microsoft Visual Studio Solution File, Format Version 12.00
Project("{FAE04EC0-301F-11D3-BF4B-00C04F79EFBC}") = "ConWavRevivalLibTest", "ConWavRevivalLibTest\ConWavRevivalLibTest.csproj", "{B0B7F780-FB56-46BB-97B6-294082D63BDB}"
EndProject
Global
	GlobalSection(SolutionConfigurationPlatforms) = preSolution
		Debug|Any CPU = Debug|Any CPU
		Release|Any CPU = Release|Any CPU
	EndGlobalSection
	GlobalSection(ProjectConfigurationPlatforms) = postSolution
		{B0B7F780-FB56-46BB-97B6-294082D63BDB}.Debug|Any CPU.ActiveCfg = Debug|Any CPU
		{B0B7F780-FB56-46BB-97B6-294082D63BDB}.Debug|Any CPU.Build.0 = Debug|Any CPU
		{B0B7F780-FB56-46BB-97B6-294082D63BDB}.Release|Any CPU.ActiveCfg = Release|Any CPU
		{B0B7F780-FB56-46BB-97B6-294082D63BDB}.Release|Any CPU.Build.0 = Release|Any CPU
	EndGlobalSection
EndGlobal
